
Microsoft Visual Studio Solution File, Format Version 12.00
# Visual Studio Version 17
VisualStudioVersion = 17.8.34309.116
MinimumVisualStudioVersion = 10.0.40219.1
Project("{FAE04EC0-301F-11D3-BF4B-00C04F79EFBC}") = "DownloadManager", "DownloadManager.csproj", "{29041068-D620-4000-A2C9-1ADD9F10CECD}"
EndProject
Global
	GlobalSection(SolutionConfigurationPlatforms) = preSolution
		Debug|Any CPU = Debug|Any CPU
		Release|Any CPU = Release|Any CPU
	EndGlobalSection
	GlobalSection(ProjectConfigurationPlatforms) = postSolution
		{29041068-D620-4000-A2C9-1ADD9F10CECD}.Debug|Any CPU.ActiveCfg = Debug|Any CPU
		{29041068-D620-4000-A2C9-1ADD9F10CECD}.Debug|Any CPU.Build.0 = Debug|Any CPU
		{29041068-D620-4000-A2C9-1ADD9F10CECD}.Release|Any CPU.ActiveCfg = Release|Any CPU
		{29041068-D620-4000-A2C9-1ADD9F10CECD}.Release|Any CPU.Build.0 = Release|Any CPU
	EndGlobalSection
	GlobalSection(SolutionProperties) = preSolution
		HideSolutionNode = FALSE
	EndGlobalSection
	GlobalSection(ExtensibilityGlobals) = postSolution
		SolutionGuid = {F483698E-24CD-488C-B8F7-5B34CB4BC499}
	EndGlobalSection
EndGlobal
